
Microsoft Visual Studio Solution File, Format Version 10.00
# Visual Studio 2008
Project("{FAE04EC0-301F-11D3-BF4B-00C04F79EFBC}") = "A22_3", "A22_3\A22_3.csproj", "{76829F06-7B3E-4E5D-B7A9-19434A0547FE}"
EndProject
Global
	GlobalSection(SolutionConfigurationPlatforms) = preSolution
		Debug|Any CPU = Debug|Any CPU
		Release|Any CPU = Release|Any CPU
	EndGlobalSection
	GlobalSection(ProjectConfigurationPlatforms) = postSolution
		{76829F06-7B3E-4E5D-B7A9-19434A0547FE}.Debug|Any CPU.ActiveCfg = Debug|Any CPU
		{76829F06-7B3E-4E5D-B7A9-19434A0547FE}.Debug|Any CPU.Build.0 = Debug|Any CPU
		{76829F06-7B3E-4E5D-B7A9-19434A0547FE}.Release|Any CPU.ActiveCfg = Release|Any CPU
		{76829F06-7B3E-4E5D-B7A9-19434A0547FE}.Release|Any CPU.Build.0 = Release|Any CPU
	EndGlobalSection
	GlobalSection(SolutionProperties) = preSolution
		HideSolutionNode = FALSE
	EndGlobalSection
EndGlobal
